
Microsoft Visual Studio Solution File, Format Version 12.00
# Visual Studio Version 16
VisualStudioVersion = 16.0.28407.52
MinimumVisualStudioVersion = 10.0.40219.1
Project("{FAE04EC0-301F-11D3-BF4B-00C04F79EFBC}") = "SysSK", "SysSK\SysSK.csproj", "{5CF48520-BE06-4E98-8E2F-03682FA31AC8}"
EndProject
Project("{FAE04EC0-301F-11D3-BF4B-00C04F79EFBC}") = "SysSK.Tests", "SysSK.Tests\SysSK.Tests.csproj", "{18FCFD5E-1CA8-4218-AFE0-F69CB4BC8DBD}"
EndProject
Project("{FAE04EC0-301F-11D3-BF4B-00C04F79EFBC}") = "SharpSerializerLibrary", "SharpSerializerLibrary\SharpSerializerLibrary.csproj", "{88AB738F-7A36-4C93-B808-B6CE2D3444B2}"
EndProject
Project("{2150E333-8FDC-42A3-9474-1A3956D46DE8}") = "Tools", "Tools", "{FF4F4DD8-7A3F-47CC-B79A-C6D0741A78DA}"
EndProject
Project("{FAE04EC0-301F-11D3-BF4B-00C04F79EFBC}") = "RunAsAministrator", "Tools\RunAsAministrator\RunAsAministrator.csproj", "{B9F78C00-1A43-4B72-996B-C0EFDCE39C01}"
EndProject
Project("{2150E333-8FDC-42A3-9474-1A3956D46DE8}") = "Solution Items", "Solution Items", "{7F263593-EBB3-4D35-BE59-FDE25D3A2994}"
	ProjectSection(SolutionItems) = preProject
		README.md = README.md
	EndProjectSection
EndProject
Global
	GlobalSection(SolutionConfigurationPlatforms) = preSolution
		Debug|Any CPU = Debug|Any CPU
		Release|Any CPU = Release|Any CPU
	EndGlobalSection
	GlobalSection(ProjectConfigurationPlatforms) = postSolution
		{5CF48520-BE06-4E98-8E2F-03682FA31AC8}.Debug|Any CPU.ActiveCfg = Debug|Any CPU
		{5CF48520-BE06-4E98-8E2F-03682FA31AC8}.Debug|Any CPU.Build.0 = Debug|Any CPU
		{5CF48520-BE06-4E98-8E2F-03682FA31AC8}.Release|Any CPU.ActiveCfg = Release|Any CPU
		{5CF48520-BE06-4E98-8E2F-03682FA31AC8}.Release|Any CPU.Build.0 = Release|Any CPU
		{18FCFD5E-1CA8-4218-AFE0-F69CB4BC8DBD}.Debug|Any CPU.ActiveCfg = Debug|Any CPU
		{18FCFD5E-1CA8-4218-AFE0-F69CB4BC8DBD}.Debug|Any CPU.Build.0 = Debug|Any CPU
		{18FCFD5E-1CA8-4218-AFE0-F69CB4BC8DBD}.Release|Any CPU.ActiveCfg = Release|Any CPU
		{18FCFD5E-1CA8-4218-AFE0-F69CB4BC8DBD}.Release|Any CPU.Build.0 = Release|Any CPU
		{88AB738F-7A36-4C93-B808-B6CE2D3444B2}.Debug|Any CPU.ActiveCfg = Debug|Any CPU
		{88AB738F-7A36-4C93-B808-B6CE2D3444B2}.Debug|Any CPU.Build.0 = Debug|Any CPU
		{88AB738F-7A36-4C93-B808-B6CE2D3444B2}.Release|Any CPU.ActiveCfg = Release|Any CPU
		{88AB738F-7A36-4C93-B808-B6CE2D3444B2}.Release|Any CPU.Build.0 = Release|Any CPU
		{B9F78C00-1A43-4B72-996B-C0EFDCE39C01}.Debug|Any CPU.ActiveCfg = Debug|Any CPU
		{B9F78C00-1A43-4B72-996B-C0EFDCE39C01}.Debug|Any CPU.Build.0 = Debug|Any CPU
		{B9F78C00-1A43-4B72-996B-C0EFDCE39C01}.Release|Any CPU.ActiveCfg = Release|Any CPU
		{B9F78C00-1A43-4B72-996B-C0EFDCE39C01}.Release|Any CPU.Build.0 = Release|Any CPU
	EndGlobalSection
	GlobalSection(SolutionProperties) = preSolution
		HideSolutionNode = FALSE
	EndGlobalSection
	GlobalSection(NestedProjects) = preSolution
		{B9F78C00-1A43-4B72-996B-C0EFDCE39C01} = {FF4F4DD8-7A3F-47CC-B79A-C6D0741A78DA}
	EndGlobalSection
	GlobalSection(ExtensibilityGlobals) = postSolution
		SolutionGuid = {8CCED013-06B7-4EAC-A2C2-5ECDC0CAC071}
	EndGlobalSection
EndGlobal
